PODS:
  - CrosswordsGenerator (0.3.5)
  - GT3Captcha-iOS (0.15.2)
  - lottie-ios (3.2.3)
  - ReCaptcha (1.6.0):
    - ReCaptcha/Core (= 1.6.0)
  - ReCaptcha/Core (1.6.0)
  - SRScratchView (0.1.1)

DEPENDENCIES:
  - CrosswordsGenerator
  - GT3Captcha-iOS
  - lottie-ios
  - ReCaptcha
  - SRScratchView

SPEC REPOS:
  trunk:
    - CrosswordsGenerator
    - GT3Captcha-iOS
    - lottie-ios
    - ReCaptcha
    - SRScratchView

SPEC CHECKSUMS:
  CrosswordsGenerator: b918e07d672a3767c40ceb639fde5c9b51343b99
  GT3Captcha-iOS: 7ae08a5421c8e40463ec84ae807e82c19be3929a
  lottie-ios: c058aeafa76daa4cf64d773554bccc8385d0150e
  ReCaptcha: d493ed256054a7b6a7eabcaf0b47ec9a8f42a16e
  SRScratchView: 1188ee5f7fb31eea0c2b4a8a191bfd1397ae18c8

PODFILE CHECKSUM: c4bfadbaee68e437dd537df8face82d3da5bb6f7

COCOAPODS: 1.11.2
